// !$*UTF8*$!
{
	archiveVersion = 1;
	classes = {
	};
	objectVersion = 56;
	objects = {

/* Begin PBXBuildFile section */
		1EC9F52D2BCD3E6300826FF2 /* AppDelegate.swift in Sources */ = {isa = PBXBuildFile; fileRef = 1EC9F52C2BCD3E6300826FF2 /* AppDelegate.swift */; };
		1EC9F52F2BCD3E6300826FF2 /* SceneDelegate.swift in Sources */ = {isa = PBXBuildFile; fileRef = 1EC9F52E2BCD3E6300826FF2 /* SceneDelegate.swift */; };
		1EC9F5312BCD3E6300826FF2 /* ViewController.swift in Sources */ = {isa = PBXBuildFile; fileRef = 1EC9F5302BCD3E6300826FF2 /* ViewController.swift */; };
		1EC9F5342BCD3E6300826FF2 /* Base in Resources */ = {isa = PBXBuildFile; fileRef = 1EC9F5332BCD3E6300826FF2 /* Base */; };
		1EC9F5362BCD3E6600826FF2 /* Assets.xcassets in Resources */ = {isa = PBXBuildFile; fileRef = 1EC9F5352BCD3E6600826FF2 /* Assets.xcassets */; };
		1EC9F5392BCD3E6600826FF2 /* Base in Resources */ = {isa = PBXBuildFile; fileRef = 1EC9F5382BCD3E6600826FF2 /* Base */; };
		1EC9F5442BCD3E6600826FF2 /* Hive_Ai_TaskTests.swift in Sources */ = {isa = PBXBuildFile; fileRef = 1EC9F5432BCD3E6600826FF2 /* Hive_Ai_TaskTests.swift */; };
		1EC9F54E2BCD3E6600826FF2 /* Hive_Ai_TaskUITests.swift in Sources */ = {isa = PBXBuildFile; fileRef = 1EC9F54D2BCD3E6600826FF2 /* Hive_Ai_TaskUITests.swift */; };
		1EC9F5502BCD3E6600826FF2 /* Hive_Ai_TaskUITestsLaunchTests.swift in Sources */ = {isa = PBXBuildFile; fileRef = 1EC9F54F2BCD3E6600826FF2 /* Hive_Ai_TaskUITestsLaunchTests.swift */; };
		1EC9F55D2BCD47A900826FF2 /* NetworkManager.swift in Sources */ = {isa = PBXBuildFile; fileRef = 1EC9F55C2BCD47A900826FF2 /* NetworkManager.swift */; };
		1EC9F55F2BCD4EF500826FF2 /* SearchData.swift in Sources */ = {isa = PBXBuildFile; fileRef = 1EC9F55E2BCD4EF500826FF2 /* SearchData.swift */; };
		1EC9F5622BCD5BCB00826FF2 /* DataViewModel.swift in Sources */ = {isa = PBXBuildFile; fileRef = 1EC9F5612BCD5BCB00826FF2 /* DataViewModel.swift */; };
		1EC9F56A2BCD8FE700826FF2 /* CustomTableViewCell.swift in Sources */ = {isa = PBXBuildFile; fileRef = 1EC9F5692BCD8FE700826FF2 /* CustomTableViewCell.swift */; };
/* End PBXBuildFile section */

/* Begin PBXContainerItemProxy section */
		1EC9F5402BCD3E6600826FF2 /* PBXContainerItemProxy */ = {
			isa = PBXContainerItemProxy;
			containerPortal = 1EC9F5212BCD3E6300826FF2 /* Project object */;
			proxyType = 1;
			remoteGlobalIDString = 1EC9F5282BCD3E6300826FF2;
			remoteInfo = Hive.Ai.Task;
		};
		1EC9F54A2BCD3E6600826FF2 /* PBXContainerItemProxy */ = {
			isa = PBXContainerItemProxy;
			containerPortal = 1EC9F5212BCD3E6300826FF2 /* Project object */;
			proxyType = 1;
			remoteGlobalIDString = 1EC9F5282BCD3E6300826FF2;
			remoteInfo = Hive.Ai.Task;
		};
/* End PBXContainerItemProxy section */

/* Begin PBXFileReference section */
		1EC9F5292BCD3E6300826FF2 /* Hive.Ai.Task.app */ = {isa = PBXFileReference; explicitFileType = wrapper.application; includeInIndex = 0; path = Hive.Ai.Task.app; sourceTree = BUILT_PRODUCTS_DIR; };
		1EC9F52C2BCD3E6300826FF2 /* AppDelegate.swift */ = {isa = PBXFileReference; lastKnownFileType = sourcecode.swift; path = AppDelegate.swift; sourceTree = "<group>"; };
		1EC9F52E2BCD3E6300826FF2 /* SceneDelegate.swift */ = {isa = PBXFileReference; lastKnownFileType = sourcecode.swift; path = SceneDelegate.swift; sourceTree = "<group>"; };
		1EC9F5302BCD3E6300826FF2 /* ViewController.swift */ = {isa = PBXFileReference; lastKnownFileType = sourcecode.swift; path = ViewController.swift; sourceTree = "<group>"; };
		1EC9F5332BCD3E6300826FF2 /* Base */ = {isa = PBXFileReference; lastKnownFileType = file.storyboard; name = Base; path = Base.lproj/Main.storyboard; sourceTree = "<group>"; };
		1EC9F5352BCD3E6600826FF2 /* Assets.xcassets */ = {isa = PBXFileReference; lastKnownFileType = folder.assetcatalog; path = Assets.xcassets; sourceTree = "<group>"; };
		1EC9F5382BCD3E6600826FF2 /* Base */ = {isa = PBXFileReference; lastKnownFileType = file.storyboard; name = Base; path = Base.lproj/LaunchScreen.storyboard; sourceTree = "<group>"; };
		1EC9F53A2BCD3E6600826FF2 /* Info.plist */ = {isa = PBXFileReference; lastKnownFileType = text.plist.xml; path = Info.plist; sourceTree = "<group>"; };
		1EC9F53F2BCD3E6600826FF2 /* Hive.Ai.TaskTests.xctest */ = {isa = PBXFileReference; explicitFileType = wrapper.cfbundle; includeInIndex = 0; path = Hive.Ai.TaskTests.xctest; sourceTree = BUILT_PRODUCTS_DIR; };
		1EC9F5432BCD3E6600826FF2 /* Hive_Ai_TaskTests.swift */ = {isa = PBXFileReference; lastKnownFileType = sourcecode.swift; path = Hive_Ai_TaskTests.swift; sourceTree = "<group>"; };
		1EC9F5492BCD3E6600826FF2 /* Hive.Ai.TaskUITests.xctest */ = {isa = PBXFileReference; explicitFileType = wrapper.cfbundle; includeInIndex = 0; path = Hive.Ai.TaskUITests.xctest; sourceTree = BUILT_PRODUCTS_DIR; };
		1EC9F54D2BCD3E6600826FF2 /* Hive_Ai_TaskUITests.swift */ = {isa = PBXFileReference; lastKnownFileType = sourcecode.swift; path = Hive_Ai_TaskUITests.swift; sourceTree = "<group>"; };
		1EC9F54F2BCD3E6600826FF2 /* Hive_Ai_TaskUITestsLaunchTests.swift */ = {isa = PBXFileReference; lastKnownFileType = sourcecode.swift; path = Hive_Ai_TaskUITestsLaunchTests.swift; sourceTree = "<group>"; };
		1EC9F55C2BCD47A900826FF2 /* NetworkManager.swift */ = {isa = PBXFileReference; lastKnownFileType = sourcecode.swift; path = NetworkManager.swift; sourceTree = "<group>"; };
		1EC9F55E2BCD4EF500826FF2 /* SearchData.swift */ = {isa = PBXFileReference; lastKnownFileType = sourcecode.swift; path = SearchData.swift; sourceTree = "<group>"; };
		1EC9F5612BCD5BCB00826FF2 /* DataViewModel.swift */ = {isa = PBXFileReference; lastKnownFileType = sourcecode.swift; path = DataViewModel.swift; sourceTree = "<group>"; };
		1EC9F5692BCD8FE700826FF2 /* CustomTableViewCell.swift */ = {isa = PBXFileReference; lastKnownFileType = sourcecode.swift; name = CustomTableViewCell.swift; path = Hive.Ai.Task/View/CustomTableViewCell.swift; sourceTree = SOURCE_ROOT; };
/* End PBXFileReference section */

/* Begin PBXFrameworksBuildPhase section */
		1EC9F5262BCD3E6300826FF2 /* Frameworks */ = {
			isa = PBXFrameworksBuildPhase;
			buildActionMask = 2147483647;
			files = (
			);
			runOnlyForDeploymentPostprocessing = 0;
		};
		1EC9F53C2BCD3E6600826FF2 /* Frameworks */ = {
			isa = PBXFrameworksBuildPhase;
			buildActionMask = 2147483647;
			files = (
			);
			runOnlyForDeploymentPostprocessing = 0;
		};
		1EC9F5462BCD3E6600826FF2 /* Frameworks */ = {
			isa = PBXFrameworksBuildPhase;
			buildActionMask = 2147483647;
			files = (
			);
			runOnlyForDeploymentPostprocessing = 0;
		};
/* End PBXFrameworksBuildPhase section */

/* Begin PBXGroup section */
		1EC9F5202BCD3E6300826FF2 = {
			isa = PBXGroup;
			children = (
				1EC9F52B2BCD3E6300826FF2 /* Hive.Ai.Task */,
				1EC9F5422BCD3E6600826FF2 /* Hive.Ai.TaskTests */,
				1EC9F54C2BCD3E6600826FF2 /* Hive.Ai.TaskUITests */,
				1EC9F52A2BCD3E6300826FF2 /* Products */,
			);
			sourceTree = "<group>";
		};
		1EC9F52A2BCD3E6300826FF2 /* Products */ = {
			isa = PBXGroup;
			children = (
				1EC9F5292BCD3E6300826FF2 /* Hive.Ai.Task.app */,
				1EC9F53F2BCD3E6600826FF2 /* Hive.Ai.TaskTests.xctest */,
				1EC9F5492BCD3E6600826FF2 /* Hive.Ai.TaskUITests.xctest */,
			);
			name = Products;
			sourceTree = "<group>";
		};
		1EC9F52B2BCD3E6300826FF2 /* Hive.Ai.Task */ = {
			isa = PBXGroup;
			children = (
				1EC9F5632BCD5CFD00826FF2 /* ViewModel */,
				1EC9F5642BCD5EAC00826FF2 /* View */,
				1EC9F5602BCD4F6500826FF2 /* Model */,
				1EC9F52C2BCD3E6300826FF2 /* AppDelegate.swift */,
				1EC9F55C2BCD47A900826FF2 /* NetworkManager.swift */,
				1EC9F52E2BCD3E6300826FF2 /* SceneDelegate.swift */,
				1EC9F5322BCD3E6300826FF2 /* Main.storyboard */,
				1EC9F5352BCD3E6600826FF2 /* Assets.xcassets */,
				1EC9F5372BCD3E6600826FF2 /* LaunchScreen.storyboard */,
				1EC9F53A2BCD3E6600826FF2 /* Info.plist */,
			);
			path = Hive.Ai.Task;
			sourceTree = "<group>";
		};
		1EC9F5422BCD3E6600826FF2 /* Hive.Ai.TaskTests */ = {
			isa = PBXGroup;
			children = (
				1EC9F5432BCD3E6600826FF2 /* Hive_Ai_TaskTests.swift */,
			);
			path = Hive.Ai.TaskTests;
			sourceTree = "<group>";
		};
		1EC9F54C2BCD3E6600826FF2 /* Hive.Ai.TaskUITests */ = {
			isa = PBXGroup;
			children = (
				1EC9F54D2BCD3E6600826FF2 /* Hive_Ai_TaskUITests.swift */,
				1EC9F54F2BCD3E6600826FF2 /* Hive_Ai_TaskUITestsLaunchTests.swift */,
			);
			path = Hive.Ai.TaskUITests;
			sourceTree = "<group>";
		};
		1EC9F5602BCD4F6500826FF2 /* Model */ = {
			isa = PBXGroup;
			children = (
				1EC9F55E2BCD4EF500826FF2 /* SearchData.swift */,
			);
			path = Model;
			sourceTree = "<group>";
		};
		1EC9F5632BCD5CFD00826FF2 /* ViewModel */ = {
			isa = PBXGroup;
			children = (
				1EC9F5612BCD5BCB00826FF2 /* DataViewModel.swift */,
			);
			path = ViewModel;
			sourceTree = "<group>";
		};
		1EC9F5642BCD5EAC00826FF2 /* View */ = {
			isa = PBXGroup;
			children = (
				1EC9F5302BCD3E6300826FF2 /* ViewController.swift */,
				1EC9F5692BCD8FE700826FF2 /* CustomTableViewCell.swift */,
			);
			path = View;
			sourceTree = "<group>";
		};
/* End PBXGroup section */

/* Begin PBXNativeTarget section */
		1EC9F5282BCD3E6300826FF2 /* Hive.Ai.Task */ = {
			isa = PBXNativeTarget;
			buildConfigurationList = 1EC9F5532BCD3E6700826FF2 /* Build configuration list for PBXNativeTarget "Hive.Ai.Task" */;
			buildPhases = (
				1EC9F5252BCD3E6300826FF2 /* Sources */,
				1EC9F5262BCD3E6300826FF2 /* Frameworks */,
				1EC9F5272BCD3E6300826FF2 /* Resources */,
			);
			buildRules = (
			);
			dependencies = (
			);
			name = Hive.Ai.Task;
			productName = Hive.Ai.Task;
			productReference = 1EC9F5292BCD3E6300826FF2 /* Hive.Ai.Task.app */;
			productType = "com.apple.product-type.application";
		};
		1EC9F53E2BCD3E6600826FF2 /* Hive.Ai.TaskTests */ = {
			isa = PBXNativeTarget;
			buildConfigurationList = 1EC9F5562BCD3E6700826FF2 /* Build configuration list for PBXNativeTarget "Hive.Ai.TaskTests" */;
			buildPhases = (
				1EC9F53B2BCD3E6600826FF2 /* Sources */,
				1EC9F53C2BCD3E6600826FF2 /* Frameworks */,
				1EC9F53D2BCD3E6600826FF2 /* Resources */,
			);
			buildRules = (
			);
			dependencies = (
				1EC9F5412BCD3E6600826FF2 /* PBXTargetDependency */,
			);
			name = Hive.Ai.TaskTests;
			productName = Hive.Ai.TaskTests;
			productReference = 1EC9F53F2BCD3E6600826FF2 /* Hive.Ai.TaskTests.xctest */;
			productType = "com.apple.product-type.bundle.unit-test";
		};
		1EC9F5482BCD3E6600826FF2 /* Hive.Ai.TaskUITests */ = {
			isa = PBXNativeTarget;
			buildConfigurationList = 1EC9F5592BCD3E6700826FF2 /* Build configuration list for PBXNativeTarget "Hive.Ai.TaskUITests" */;
			buildPhases = (
				1EC9F5452BCD3E6600826FF2 /* Sources */,
				1EC9F5462BCD3E6600826FF2 /* Frameworks */,
				1EC9F5472BCD3E6600826FF2 /* Resources */,
			);
			buildRules = (
			);
			dependencies = (
				1EC9F54B2BCD3E6600826FF2 /* PBXTargetDependency */,
			);
			name = Hive.Ai.TaskUITests;
			productName = Hive.Ai.TaskUITests;
			productReference = 1EC9F5492BCD3E6600826FF2 /* Hive.Ai.TaskUITests.xctest */;
			productType = "com.apple.product-type.bundle.ui-testing";
		};
/* End PBXNativeTarget section */

/* Begin PBXProject section */
		1EC9F5212BCD3E6300826FF2 /* Project object */ = {
			isa = PBXProject;
			attributes = {
				BuildIndependentTargetsInParallel = 1;
				LastSwiftUpdateCheck = 1530;
				LastUpgradeCheck = 1530;
				TargetAttributes = {
					1EC9F5282BCD3E6300826FF2 = {
						CreatedOnToolsVersion = 15.3;
					};
					1EC9F53E2BCD3E6600826FF2 = {
						CreatedOnToolsVersion = 15.3;
						TestTargetID = 1EC9F5282BCD3E6300826FF2;
					};
					1EC9F5482BCD3E6600826FF2 = {
						CreatedOnToolsVersion = 15.3;
						TestTargetID = 1EC9F5282BCD3E6300826FF2;
					};
				};
			};
			buildConfigurationList = 1EC9F5242BCD3E6300826FF2 /* Build configuration list for PBXProject "Hive.Ai.Task" */;
			compatibilityVersion = "Xcode 14.0";
			developmentRegion = en;
			hasScannedForEncodings = 0;
			knownRegions = (
				en,
				Base,
			);
			mainGroup = 1EC9F5202BCD3E6300826FF2;
			productRefGroup = 1EC9F52A2BCD3E6300826FF2 /* Products */;
			projectDirPath = "";
			projectRoot = "";
			targets = (
				1EC9F5282BCD3E6300826FF2 /* Hive.Ai.Task */,
				1EC9F53E2BCD3E6600826FF2 /* Hive.Ai.TaskTests */,
				1EC9F5482BCD3E6600826FF2 /* Hive.Ai.TaskUITests */,
			);
		};
/* End PBXProject section */

/* Begin PBXResourcesBuildPhase section */
		1EC9F5272BCD3E6300826FF2 /* Resources */ = {
			isa = PBXResourcesBuildPhase;
			buildActionMask = 2147483647;
			files = (
				1EC9F5362BCD3E6600826FF2 /* Assets.xcassets in Resources */,
				1EC9F5392BCD3E6600826FF2 /* Base in Resources */,
				1EC9F5342BCD3E6300826FF2 /* Base in Resources */,
			);
			runOnlyForDeploymentPostprocessing = 0;
		};
		1EC9F53D2BCD3E6600826FF2 /* Resources */ = {
			isa = PBXResourcesBuildPhase;
			buildActionMask = 2147483647;
			files = (
			);
			runOnlyForDeploymentPostprocessing = 0;
		};
		1EC9F5472BCD3E6600826FF2 /* Resources */ = {
			isa = PBXResourcesBuildPhase;
			buildActionMask = 2147483647;
			files = (
			);
			runOnlyForDeploymentPostprocessing = 0;
		};
/* End PBXResourcesBuildPhase section */

/* Begin PBXSourcesBuildPhase section */
		1EC9F5252BCD3E6300826FF2 /* Sources */ = {
			isa = PBXSourcesBuildPhase;
			buildActionMask = 2147483647;
			files = (
				1EC9F55D2BCD47A900826FF2 /* NetworkManager.swift in Sources */,
				1EC9F5312BCD3E6300826FF2 /* ViewController.swift in Sources */,
				1EC9F5622BCD5BCB00826FF2 /* DataViewModel.swift in Sources */,
				1EC9F56A2BCD8FE700826FF2 /* CustomTableViewCell.swift in Sources */,
				1EC9F52D2BCD3E6300826FF2 /* AppDelegate.swift in Sources */,
				1EC9F55F2BCD4EF500826FF2 /* SearchData.swift in Sources */,
				1EC9F52F2BCD3E6300826FF2 /* SceneDelegate.swift in Sources */,
			);
			runOnlyForDeploymentPostprocessing = 0;
		};
		1EC9F53B2BCD3E6600826FF2 /* Sources */ = {
			isa = PBXSourcesBuildPhase;
			buildActionMask = 2147483647;
			files = (
				1EC9F5442BCD3E6600826FF2 /* Hive_Ai_TaskTests.swift in Sources */,
			);
			runOnlyForDeploymentPostprocessing = 0;
		};
		1EC9F5452BCD3E6600826FF2 /* Sources */ = {
			isa = PBXSourcesBuildPhase;
			buildActionMask = 2147483647;
			files = (
				1EC9F54E2BCD3E6600826FF2 /* Hive_Ai_TaskUITests.swift in Sources */,
				1EC9F5502BCD3E6600826FF2 /* Hive_Ai_TaskUITestsLaunchTests.swift in Sources */,
			);
			runOnlyForDeploymentPostprocessing = 0;
		};
/* End PBXSourcesBuildPhase section */

/* Begin PBXTargetDependency section */
		1EC9F5412BCD3E6600826FF2 /* PBXTargetDependency */ = {
			isa = PBXTargetDependency;
			target = 1EC9F5282BCD3E6300826FF2 /* Hive.Ai.Task */;
			targetProxy = 1EC9F5402BCD3E6600826FF2 /* PBXContainerItemProxy */;
		};
		1EC9F54B2BCD3E6600826FF2 /* PBXTargetDependency */ = {
			isa = PBXTargetDependency;
			target = 1EC9F5282BCD3E6300826FF2 /* Hive.Ai.Task */;
			targetProxy = 1EC9F54A2BCD3E6600826FF2 /* PBXContainerItemProxy */;
		};
/* End PBXTargetDependency section */

/* Begin PBXVariantGroup section */
		1EC9F5322BCD3E6300826FF2 /* Main.storyboard */ = {
			isa = PBXVariantGroup;
			children = (
				1EC9F5332BCD3E6300826FF2 /* Base */,
			);
			name = Main.storyboard;
			sourceTree = "<group>";
		};
		1EC9F5372BCD3E6600826FF2 /* LaunchScreen.storyboard */ = {
			isa = PBXVariantGroup;
			children = (
				1EC9F5382BCD3E6600826FF2 /* Base */,
			);
			name = LaunchScreen.storyboard;
			sourceTree = "<group>";
		};
/* End PBXVariantGroup section */

/* Begin XCBuildConfiguration section */
		1EC9F5512BCD3E6700826FF2 /* Debug */ = {
			isa = XCBuildConfiguration;
			buildSettings = {
				ALWAYS_SEARCH_USER_PATHS = NO;
				ASSETCATALOG_COMPILER_GENERATE_SWIFT_ASSET_SYMBOL_EXTENSIONS = YES;
				CLANG_ANALYZER_NONNULL = YES;
				CLANG_ANALYZER_NUMBER_OBJECT_CONVERSION = YES_AGGRESSIVE;
				CLANG_CXX_LANGUAGE_STANDARD = "gnu++20";
				CLANG_ENABLE_MODULES = YES;
				CLANG_ENABLE_OBJC_ARC = YES;
				CLANG_ENABLE_OBJC_WEAK = YES;
				CLANG_WARN_BLOCK_CAPTURE_AUTORELEASING = YES;
				CLANG_WARN_BOOL_CONVERSION = YES;
				CLANG_WARN_COMMA = YES;
				CLANG_WARN_CONSTANT_CONVERSION = YES;
				CLANG_WARN_DEPRECATED_OBJC_IMPLEMENTATIONS = YES;
				CLANG_WARN_DIRECT_OBJC_ISA_USAGE = YES_ERROR;
				CLANG_WARN_DOCUMENTATION_COMMENTS = YES;
				CLANG_WARN_EMPTY_BODY = YES;
				CLANG_WARN_ENUM_CONVERSION = YES;
				CLANG_WARN_INFINITE_RECURSION = YES;
				CLANG_WARN_INT_CONVERSION = YES;
				CLANG_WARN_NON_LITERAL_NULL_CONVERSION = YES;
				CLANG_WARN_OBJC_IMPLICIT_RETAIN_SELF = YES;
				CLANG_WARN_OBJC_LITERAL_CONVERSION = YES;
				CLANG_WARN_OBJC_ROOT_CLASS = YES_ERROR;
				CLANG_WARN_QUOTED_INCLUDE_IN_FRAMEWORK_HEADER = YES;
				CLANG_WARN_RANGE_LOOP_ANALYSIS = YES;
				CLANG_WARN_STRICT_PROTOTYPES = YES;
				CLANG_WARN_SUSPICIOUS_MOVE = YES;
				CLANG_WARN_UNGUARDED_AVAILABILITY = YES_AGGRESSIVE;
				CLANG_WARN_UNREACHABLE_CODE = YES;
				CLANG_WARN__DUPLICATE_METHOD_MATCH = YES;
				COPY_PHASE_STRIP = NO;
				DEBUG_INFORMATION_FORMAT = dwarf;
				ENABLE_STRICT_OBJC_MSGSEND = YES;
				ENABLE_TESTABILITY = YES;
				ENABLE_USER_SCRIPT_SANDBOXING = YES;
				GCC_C_LANGUAGE_STANDARD = gnu17;
				GCC_DYNAMIC_NO_PIC = NO;
				GCC_NO_COMMON_BLOCKS = YES;
				GCC_OPTIMIZATION_LEVEL = 0;
				GCC_PREPROCESSOR_DEFINITIONS = (
					"DEBUG=1",
					"$(inherited)",
				);
				GCC_WARN_64_TO_32_BIT_CONVERSION = YES;
				GCC_WARN_ABOUT_RETURN_TYPE = YES_ERROR;
				GCC_WARN_UNDECLARED_SELECTOR = YES;
				GCC_WARN_UNINITIALIZED_AUTOS = YES_AGGRESSIVE;
				GCC_WARN_UNUSED_FUNCTION = YES;
				GCC_WARN_UNUSED_VARIABLE = YES;
				IPHONEOS_DEPLOYMENT_TARGET = 17.4;
				LOCALIZATION_PREFERS_STRING_CATALOGS = YES;
				MTL_ENABLE_DEBUG_INFO = INCLUDE_SOURCE;
				MTL_FAST_MATH = YES;
				ONLY_ACTIVE_ARCH = YES;
				SDKROOT = iphoneos;
				SWIFT_ACTIVE_COMPILATION_CONDITIONS = "DEBUG $(inherited)";
				SWIFT_OPTIMIZATION_LEVEL = "-Onone";
			};
			name = Debug;
		};
		1EC9F5522BCD3E6700826FF2 /* Release */ = {
			isa = XCBuildConfiguration;
			buildSettings = {
				ALWAYS_SEARCH_USER_PATHS = NO;
				ASSETCATALOG_COMPILER_GENERATE_SWIFT_ASSET_SYMBOL_EXTENSIONS = YES;
				CLANG_ANALYZER_NONNULL = YES;
				CLANG_ANALYZER_NUMBER_OBJECT_CONVERSION = YES_AGGRESSIVE;
				CLANG_CXX_LANGUAGE_STANDARD = "gnu++20";
				CLANG_ENABLE_MODULES = YES;
				CLANG_ENABLE_OBJC_ARC = YES;
				CLANG_ENABLE_OBJC_WEAK = YES;
				CLANG_WARN_BLOCK_CAPTURE_AUTORELEASING = YES;
				CLANG_WARN_BOOL_CONVERSION = YES;
				CLANG_WARN_COMMA = YES;
				CLANG_WARN_CONSTANT_CONVERSION = YES;
				CLANG_WARN_DEPRECATED_OBJC_IMPLEMENTATIONS = YES;
				CLANG_WARN_DIRECT_OBJC_ISA_USAGE = YES_ERROR;
				CLANG_WARN_DOCUMENTATION_COMMENTS = YES;
				CLANG_WARN_EMPTY_BODY = YES;
				CLANG_WARN_ENUM_CONVERSION = YES;
				CLANG_WARN_INFINITE_RECURSION = YES;
				CLANG_WARN_INT_CONVERSION = YES;
				CLANG_WARN_NON_LITERAL_NULL_CONVERSION = YES;
				CLANG_WARN_OBJC_IMPLICIT_RETAIN_SELF = YES;
				CLANG_WARN_OBJC_LITERAL_CONVERSION = YES;
				CLANG_WARN_OBJC_ROOT_CLASS = YES_ERROR;
				CLANG_WARN_QUOTED_INCLUDE_IN_FRAMEWORK_HEADER = YES;
				CLANG_WARN_RANGE_LOOP_ANALYSIS = YES;
				CLANG_WARN_STRICT_PROTOTYPES = YES;
				CLANG_WARN_SUSPICIOUS_MOVE = YES;
				CLANG_WARN_UNGUARDED_AVAILABILITY = YES_AGGRESSIVE;
				CLANG_WARN_UNREACHABLE_CODE = YES;
				CLANG_WARN__DUPLICATE_METHOD_MATCH = YES;
				COPY_PHASE_STRIP = NO;
				DEBUG_INFORMATION_FORMAT = "dwarf-with-dsym";
				ENABLE_NS_ASSERTIONS = NO;
				ENABLE_STRICT_OBJC_MSGSEND = YES;
				ENABLE_USER_SCRIPT_SANDBOXING = YES;
				GCC_C_LANGUAGE_STANDARD = gnu17;
				GCC_NO_COMMON_BLOCKS = YES;
				GCC_WARN_64_TO_32_BIT_CONVERSION = YES;
				GCC_WARN_ABOUT_RETURN_TYPE = YES_ERROR;
				GCC_WARN_UNDECLARED_SELECTOR = YES;
				GCC_WARN_UNINITIALIZED_AUTOS = YES_AGGRESSIVE;
				GCC_WARN_UNUSED_FUNCTION = YES;
				GCC_WARN_UNUSED_VARIABLE = YES;
				IPHONEOS_DEPLOYMENT_TARGET = 17.4;
				LOCALIZATION_PREFERS_STRING_CATALOGS = YES;
				MTL_ENABLE_DEBUG_INFO = NO;
				MTL_FAST_MATH = YES;
				SDKROOT = iphoneos;
				SWIFT_COMPILATION_MODE = wholemodule;
				VALIDATE_PRODUCT = YES;
			};
			name = Release;
		};
		1EC9F5542BCD3E6700826FF2 /* Debug */ = {
			isa = XCBuildConfiguration;
			buildSettings = {
				ASSETCATALOG_COMPILER_APPICON_NAME = AppIcon;
				ASSETCATALOG_COMPILER_GLOBAL_ACCENT_COLOR_NAME = AccentColor;
				CODE_SIGN_STYLE = Automatic;
				CURRENT_PROJECT_VERSION = 1;
				DEVELOPMENT_TEAM = BLM4H4R54R;
				GENERATE_INFOPLIST_FILE = YES;
				INFOPLIST_FILE = Hive.Ai.Task/Info.plist;
				INFOPLIST_KEY_UIApplicationSupportsIndirectInputEvents = YES;
				INFOPLIST_KEY_UILaunchStoryboardName = LaunchScreen;
				INFOPLIST_KEY_UIMainStoryboardFile = Main;
				INFOPLIST_KEY_UISupportedInterfaceOrientations_iPad = "UIInterfaceOrientationPortrait UIInterfaceOrientationPortraitUpsideDown UIInterfaceOrientationLandscapeLeft UIInterfaceOrientationLandscapeRight";
				INFOPLIST_KEY_UISupportedInterfaceOrientations_iPhone = "UIInterfaceOrientationPortrait UIInterfaceOrientationLandscapeLeft UIInterfaceOrientationLandscapeRight";
				LD_RUNPATH_SEARCH_PATHS = (
					"$(inherited)",
					"@executable_path/Frameworks",
				);
				MARKETING_VERSION = 1.0;
				PRODUCT_BUNDLE_IDENTIFIER = "com.aman.personal.Hive-Ai-Task";
				PRODUCT_NAME = "$(TARGET_NAME)";
				SWIFT_EMIT_LOC_STRINGS = YES;
				SWIFT_VERSION = 5.0;
				TARGETED_DEVICE_FAMILY = "1,2";
			};
			name = Debug;
		};
		1EC9F5552BCD3E6700826FF2 /* Release */ = {
			isa = XCBuildConfiguration;
			buildSettings = {
				ASSETCATALOG_COMPILER_APPICON_NAME = AppIcon;
				ASSETCATALOG_COMPILER_GLOBAL_ACCENT_COLOR_NAME = AccentColor;
				CODE_SIGN_STYLE = Automatic;
				CURRENT_PROJECT_VERSION = 1;
				DEVELOPMENT_TEAM = BLM4H4R54R;
				GENERATE_INFOPLIST_FILE = YES;
				INFOPLIST_FILE = Hive.Ai.Task/Info.plist;
				INFOPLIST_KEY_UIApplicationSupportsIndirectInputEvents = YES;
				INFOPLIST_KEY_UILaunchStoryboardName = LaunchScreen;
				INFOPLIST_KEY_UIMainStoryboardFile = Main;
				INFOPLIST_KEY_UISupportedInterfaceOrientations_iPad = "UIInterfaceOrientationPortrait UIInterfaceOrientationPortraitUpsideDown UIInterfaceOrientationLandscapeLeft UIInterfaceOrientationLandscapeRight";
				INFOPLIST_KEY_UISupportedInterfaceOrientations_iPhone = "UIInterfaceOrientationPortrait UIInterfaceOrientationLandscapeLeft UIInterfaceOrientationLandscapeRight";
				LD_RUNPATH_SEARCH_PATHS = (
					"$(inherited)",
					"@executable_path/Frameworks",
				);
				MARKETING_VERSION = 1.0;
				PRODUCT_BUNDLE_IDENTIFIER = "com.aman.personal.Hive-Ai-Task";
				PRODUCT_NAME = "$(TARGET_NAME)";
				SWIFT_EMIT_LOC_STRINGS = YES;
				SWIFT_VERSION = 5.0;
				TARGETED_DEVICE_FAMILY = "1,2";
			};
			name = Release;
		};
		1EC9F5572BCD3E6700826FF2 /* Debug */ = {
			isa = XCBuildConfiguration;
			buildSettings = {
				ALWAYS_EMBED_SWIFT_STANDARD_LIBRARIES = YES;
				BUNDLE_LOADER = "$(TEST_HOST)";
				CODE_SIGN_STYLE = Automatic;
				CURRENT_PROJECT_VERSION = 1;
				DEVELOPMENT_TEAM = BLM4H4R54R;
				GENERATE_INFOPLIST_FILE = YES;
				IPHONEOS_DEPLOYMENT_TARGET = 17.4;
				MARKETING_VERSION = 1.0;
				PRODUCT_BUNDLE_IDENTIFIER = "com.aman.personal.Hive-Ai-TaskTests";
				PRODUCT_NAME = "$(TARGET_NAME)";
				SWIFT_EMIT_LOC_STRINGS = NO;
				SWIFT_VERSION = 5.0;
				TARGETED_DEVICE_FAMILY = "1,2";
				TEST_HOST = "$(BUILT_PRODUCTS_DIR)/Hive.Ai.Task.app/$(BUNDLE_EXECUTABLE_FOLDER_PATH)/Hive.Ai.Task";
			};
			name = Debug;
		};
		1EC9F5582BCD3E6700826FF2 /* Release */ = {
			isa = XCBuildConfiguration;
			buildSettings = {
				ALWAYS_EMBED_SWIFT_STANDARD_LIBRARIES = YES;
				BUNDLE_LOADER = "$(TEST_HOST)";
				CODE_SIGN_STYLE = Automatic;
				CURRENT_PROJECT_VERSION = 1;
				DEVELOPMENT_TEAM = BLM4H4R54R;
				GENERATE_INFOPLIST_FILE = YES;
				IPHONEOS_DEPLOYMENT_TARGET = 17.4;
				MARKETING_VERSION = 1.0;
				PRODUCT_BUNDLE_IDENTIFIER = "com.aman.personal.Hive-Ai-TaskTests";
				PRODUCT_NAME = "$(TARGET_NAME)";
				SWIFT_EMIT_LOC_STRINGS = NO;
				SWIFT_VERSION = 5.0;
				TARGETED_DEVICE_FAMILY = "1,2";
				TEST_HOST = "$(BUILT_PRODUCTS_DIR)/Hive.Ai.Task.app/$(BUNDLE_EXECUTABLE_FOLDER_PATH)/Hive.Ai.Task";
			};
			name = Release;
		};
		1EC9F55A2BCD3E6700826FF2 /* Debug */ = {
			isa = XCBuildConfiguration;
			buildSettings = {
				ALWAYS_EMBED_SWIFT_STANDARD_LIBRARIES = YES;
				CODE_SIGN_STYLE = Automatic;
				CURRENT_PROJECT_VERSION = 1;
				DEVELOPMENT_TEAM = BLM4H4R54R;
				GENERATE_INFOPLIST_FILE = YES;
				MARKETING_VERSION = 1.0;
				PRODUCT_BUNDLE_IDENTIFIER = "com.aman.personal.Hive-Ai-TaskUITests";
				PRODUCT_NAME = "$(TARGET_NAME)";
				SWIFT_EMIT_LOC_STRINGS = NO;
				SWIFT_VERSION = 5.0;
				TARGETED_DEVICE_FAMILY = "1,2";
				TEST_TARGET_NAME = Hive.Ai.Task;
			};
			name = Debug;
		};
		1EC9F55B2BCD3E6700826FF2 /* Release */ = {
			isa = XCBuildConfiguration;
			buildSettings = {
				ALWAYS_EMBED_SWIFT_STANDARD_LIBRARIES = YES;
				CODE_SIGN_STYLE = Automatic;
				CURRENT_PROJECT_VERSION = 1;
				DEVELOPMENT_TEAM = BLM4H4R54R;
				GENERATE_INFOPLIST_FILE = YES;
				MARKETING_VERSION = 1.0;
				PRODUCT_BUNDLE_IDENTIFIER = "com.aman.personal.Hive-Ai-TaskUITests";
				PRODUCT_NAME = "$(TARGET_NAME)";
				SWIFT_EMIT_LOC_STRINGS = NO;
				SWIFT_VERSION = 5.0;
				TARGETED_DEVICE_FAMILY = "1,2";
				TEST_TARGET_NAME = Hive.Ai.Task;
			};
			name = Release;
		};
/* End XCBuildConfiguration section */

/* Begin XCConfigurationList section */
		1EC9F5242BCD3E6300826FF2 /* Build configuration list for PBXProject "Hive.Ai.Task" */ = {
			isa = XCConfigurationList;
			buildConfigurations = (
				1EC9F5512BCD3E6700826FF2 /* Debug */,
				1EC9F5522BCD3E6700826FF2 /* Release */,
			);
			defaultConfigurationIsVisible = 0;
			defaultConfigurationName = Release;
		};
		1EC9F5532BCD3E6700826FF2 /* Build configuration list for PBXNativeTarget "Hive.Ai.Task" */ = {
			isa = XCConfigurationList;
			buildConfigurations = (
				1EC9F5542BCD3E6700826FF2 /* Debug */,
				1EC9F5552BCD3E6700826FF2 /* Release */,
			);
			defaultConfigurationIsVisible = 0;
			defaultConfigurationName = Release;
		};
		1EC9F5562BCD3E6700826FF2 /* Build configuration list for PBXNativeTarget "Hive.Ai.TaskTests" */ = {
			isa = XCConfigurationList;
			buildConfigurations = (
				1EC9F5572BCD3E6700826FF2 /* Debug */,
				1EC9F5582BCD3E6700826FF2 /* Release */,
			);
			defaultConfigurationIsVisible = 0;
			defaultConfigurationName = Release;
		};
		1EC9F5592BCD3E6700826FF2 /* Build configuration list for PBXNativeTarget "Hive.Ai.TaskUITests" */ = {
			isa = XCConfigurationList;
			buildConfigurations = (
				1EC9F55A2BCD3E6700826FF2 /* Debug */,
				1EC9F55B2BCD3E6700826FF2 /* Release */,
			);
			defaultConfigurationIsVisible = 0;
			defaultConfigurationName = Release;
		};
/* End XCConfigurationList section */
	};
	rootObject = 1EC9F5212BCD3E6300826FF2 /* Project object */;
}
